{
  "version": 4,
  "terraform_version": "1.2.7",
  "serial": 93,
  "lineage": "f22ae57f-ec60-55d8-66a7-266c4a91d1ec",
  "outputs": {
    "external_ip_address_node01": {
      "value": "62.84.119.81",
      "type": "string"
    },
    "external_ip_address_node02": {
      "value": "51.250.78.69",
      "type": "string"
    },
    "external_ip_address_node03": {
      "value": "84.201.157.58",
      "type": "string"
    },
    "internal_ip_address_node01": {
      "value": "10.1.0.3",
      "type": "string"
    },
    "internal_ip_address_node02": {
      "value": "10.1.0.23",
      "type": "string"
    },
    "internal_ip_address_node03": {
      "value": "10.1.0.10",
      "type": "string"
    }
  },
  "resources": [
    {
      "mode": "managed",
      "type": "local_file",
      "name": "all_vars",
      "provider": "provider[\"registry.terraform.io/hashicorp/local\"]",
      "instances": [
        {
          "schema_version": 0,
          "attributes": {
            "content": "# Ansible vars containing variable values from Terraform.\n# Generated by Terraform.\n\n  clickhouse_01_ext_ip: 62.84.119.81\n  vector_01_ext_ip: 51.250.78.69\n  lighthouse_01_ext_ip: 84.201.157.58\n",
            "content_base64": null,
            "directory_permission": "0777",
            "file_permission": "0777",
            "filename": "../ansible/group_vars/all.yml",
            "id": "d81dfbfdb3d13ae5c5a91859f1ea37bbd138af5c",
            "sensitive_content": null,
            "source": null
          },
          "sensitive_attributes": [],
          "private": "bnVsbA==",
          "dependencies": [
            "yandex_compute_instance.node01",
            "yandex_compute_instance.node02",
            "yandex_compute_instance.node03",
            "yandex_vpc_network.network-1",
            "yandex_vpc_subnet.subnet-1"
          ]
        }
      ]
    },
    {
      "mode": "managed",
      "type": "local_file",
      "name": "inventory",
      "provider": "provider[\"registry.terraform.io/hashicorp/local\"]",
      "instances": [
        {
          "schema_version": 0,
          "attributes": {
            "content": "# Ansible inventory containing variable values from Terraform.\n# Generated by Terraform.\n\nclickhouse:\n  hosts:\n    clickhouse-01:\n      ansible_host: 62.84.119.81\nvector:\n  hosts:\n    vector-01:\n      ansible_host: 51.250.78.69\nlighthouse:\n  hosts:\n    lighthouse-01:\n      ansible_host: 84.201.157.58\n",
            "content_base64": null,
            "directory_permission": "0777",
            "file_permission": "0777",
            "filename": "../ansible/inventory/prod.yml",
            "id": "a92d469d9b07532f97edadaf0f5e486497f6fb6c",
            "sensitive_content": null,
            "source": null
          },
          "sensitive_attributes": [],
          "private": "bnVsbA==",
          "dependencies": [
            "yandex_compute_instance.node01",
            "yandex_compute_instance.node02",
            "yandex_compute_instance.node03",
            "yandex_vpc_network.network-1",
            "yandex_vpc_subnet.subnet-1"
          ]
        }
      ]
    },
    {
      "mode": "managed",
      "type": "null_resource",
      "name": "cluster",
      "provider": "provider[\"registry.terraform.io/hashicorp/null\"]",
      "instances": [
        {
          "schema_version": 0,
          "attributes": {
            "id": "4688740065368481520",
            "triggers": null
          },
          "sensitive_attributes": [],
          "private": "bnVsbA==",
          "dependencies": [
            "local_file.inventory",
            "null_resource.wait",
            "yandex_compute_instance.node01",
            "yandex_compute_instance.node02",
            "yandex_compute_instance.node03",
            "yandex_vpc_network.network-1",
            "yandex_vpc_subnet.subnet-1"
          ]
        }
      ]
    },
    {
      "mode": "managed",
      "type": "null_resource",
      "name": "wait",
      "provider": "provider[\"registry.terraform.io/hashicorp/null\"]",
      "instances": [
        {
          "schema_version": 0,
          "attributes": {
            "id": "6145796871495144508",
            "triggers": null
          },
          "sensitive_attributes": [],
          "private": "bnVsbA==",
          "dependencies": [
            "local_file.inventory",
            "yandex_compute_instance.node01",
            "yandex_compute_instance.node02",
            "yandex_compute_instance.node03",
            "yandex_vpc_network.network-1",
            "yandex_vpc_subnet.subnet-1"
          ]
        }
      ]
    },
    {
      "mode": "managed",
      "type": "yandex_compute_instance",
      "name": "node01",
      "provider": "provider[\"registry.terraform.io/yandex-cloud/yandex\"]",
      "instances": [
        {
          "schema_version": 1,
          "attributes": {
            "allow_recreate": null,
            "allow_stopping_for_update": null,
            "boot_disk": [
              {
                "auto_delete": true,
                "device_name": "fhmtt7573p51fae39s6d",
                "disk_id": "fhmtt7573p51fae39s6d",
                "initialize_params": [
                  {
                    "block_size": 4096,
                    "description": "",
                    "image_id": "fd8aqitd4vl5950ihohp",
                    "name": "",
                    "size": 10,
                    "snapshot_id": "",
                    "type": "network-hdd"
                  }
                ],
                "mode": "READ_WRITE"
              }
            ],
            "created_at": "2022-08-24T07:31:37Z",
            "description": "",
            "folder_id": "b1gaa80uc55olksp2vtt",
            "fqdn": "clickhouse-01.ru-central1.internal",
            "hostname": "clickhouse-01",
            "id": "fhm6u1vf87vjm2tsrt3r",
            "labels": null,
            "local_disk": [],
            "metadata": {
              "ssh-keys": "centos:ssh-rsa AAAAB3NzaC1yc2EAAAADAQABAAABgQCtmbo9LPEt3EyYAa3cY6tt2hQ2ZRdl9YUdpp+CpW67iVQn7BxRk0xzilSsWg7GzdMQijQx5jhmkeq2dOGuitRnkGEZzKz/zU/ACmlXS9p3P4VIrsDg36QMfy+qjc01V388SQWSNQLU4NVd0EBSLdx/nitqhADSt9iekrfqkhlqGFNvUnCC+bcSswgD1OKXcCWB8gHAzYKfDR4Ck255FRInalOfpkmKTDo/VOjxR919kdKZiy6jslFP1wVZ60M+aa7Ku/07U0lNH56zz7kQArprr4R4AohsLAv2xfPOR6wOMg0Do3T6YXEZia7diMxeDbC+G6rprAMtoglmXEVCpC3Nx2AdFVaTtpKKRoJQOd5AvgzqkT0kj38E0ho1r+c8Y3S3OpZROPzBrnkqkFLW+wfx0z69UyLoDKmmkLq9yUJqLewYaZLzXsIFANb5SEl6LttJ9Beo6Hv1pCNB8dz9ItrH9p63YfoOWhr7duPZbqTvAMB1yJXYzoKwt+96RY3vf4k= sergej@fedora\n"
            },
            "name": "node01",
            "network_acceleration_type": "standard",
            "network_interface": [
              {
                "dns_record": [],
                "index": 0,
                "ip_address": "10.1.0.3",
                "ipv4": true,
                "ipv6": false,
                "ipv6_address": "",
                "ipv6_dns_record": [],
                "mac_address": "d0:0d:6f:07:ef:41",
                "nat": true,
                "nat_dns_record": [],
                "nat_ip_address": "62.84.119.81",
                "nat_ip_version": "IPV4",
                "security_group_ids": [],
                "subnet_id": "e9bol56igsjr0dflvgd2"
              }
            ],
            "placement_policy": [
              {
                "host_affinity_rules": [],
                "placement_group_id": ""
              }
            ],
            "platform_id": "standard-v1",
            "resources": [
              {
                "core_fraction": 100,
                "cores": 2,
                "gpus": 0,
                "memory": 2
              }
            ],
            "scheduling_policy": [
              {
                "preemptible": false
              }
            ],
            "secondary_disk": [],
            "service_account_id": "",
            "status": "running",
            "timeouts": null,
            "zone": "ru-central1-a"
          },
          "sensitive_attributes": [],
          "private": "eyJlMmJmYjczMC1lY2FhLTExZTYtOGY4OC0zNDM2M2JjN2M0YzAiOnsiY3JlYXRlIjozMDAwMDAwMDAwMDAsImRlbGV0ZSI6MzAwMDAwMDAwMDAwLCJ1cGRhdGUiOjMwMDAwMDAwMDAwMH0sInNjaGVtYV92ZXJzaW9uIjoiMSJ9",
          "dependencies": [
            "yandex_vpc_network.network-1",
            "yandex_vpc_subnet.subnet-1"
          ]
        }
      ]
    },
    {
      "mode": "managed",
      "type": "yandex_compute_instance",
      "name": "node02",
      "provider": "provider[\"registry.terraform.io/yandex-cloud/yandex\"]",
      "instances": [
        {
          "schema_version": 1,
          "attributes": {
            "allow_recreate": null,
            "allow_stopping_for_update": null,
            "boot_disk": [
              {
                "auto_delete": true,
                "device_name": "fhmmg761pfcelk0aca75",
                "disk_id": "fhmmg761pfcelk0aca75",
                "initialize_params": [
                  {
                    "block_size": 4096,
                    "description": "",
                    "image_id": "fd8aqitd4vl5950ihohp",
                    "name": "",
                    "size": 10,
                    "snapshot_id": "",
                    "type": "network-hdd"
                  }
                ],
                "mode": "READ_WRITE"
              }
            ],
            "created_at": "2022-08-24T07:31:37Z",
            "description": "",
            "folder_id": "b1gaa80uc55olksp2vtt",
            "fqdn": "vector-01.ru-central1.internal",
            "hostname": "vector-01",
            "id": "fhmrbuc2jopq2r4d9qi4",
            "labels": null,
            "local_disk": [],
            "metadata": {
              "ssh-keys": "centos:ssh-rsa AAAAB3NzaC1yc2EAAAADAQABAAABgQCtmbo9LPEt3EyYAa3cY6tt2hQ2ZRdl9YUdpp+CpW67iVQn7BxRk0xzilSsWg7GzdMQijQx5jhmkeq2dOGuitRnkGEZzKz/zU/ACmlXS9p3P4VIrsDg36QMfy+qjc01V388SQWSNQLU4NVd0EBSLdx/nitqhADSt9iekrfqkhlqGFNvUnCC+bcSswgD1OKXcCWB8gHAzYKfDR4Ck255FRInalOfpkmKTDo/VOjxR919kdKZiy6jslFP1wVZ60M+aa7Ku/07U0lNH56zz7kQArprr4R4AohsLAv2xfPOR6wOMg0Do3T6YXEZia7diMxeDbC+G6rprAMtoglmXEVCpC3Nx2AdFVaTtpKKRoJQOd5AvgzqkT0kj38E0ho1r+c8Y3S3OpZROPzBrnkqkFLW+wfx0z69UyLoDKmmkLq9yUJqLewYaZLzXsIFANb5SEl6LttJ9Beo6Hv1pCNB8dz9ItrH9p63YfoOWhr7duPZbqTvAMB1yJXYzoKwt+96RY3vf4k= sergej@fedora\n"
            },
            "name": "node02",
            "network_acceleration_type": "standard",
            "network_interface": [
              {
                "dns_record": [],
                "index": 0,
                "ip_address": "10.1.0.23",
                "ipv4": true,
                "ipv6": false,
                "ipv6_address": "",
                "ipv6_dns_record": [],
                "mac_address": "d0:0d:1b:5f:98:29",
                "nat": true,
                "nat_dns_record": [],
                "nat_ip_address": "51.250.78.69",
                "nat_ip_version": "IPV4",
                "security_group_ids": [],
                "subnet_id": "e9bol56igsjr0dflvgd2"
              }
            ],
            "placement_policy": [
              {
                "host_affinity_rules": [],
                "placement_group_id": ""
              }
            ],
            "platform_id": "standard-v1",
            "resources": [
              {
                "core_fraction": 100,
                "cores": 2,
                "gpus": 0,
                "memory": 2
              }
            ],
            "scheduling_policy": [
              {
                "preemptible": false
              }
            ],
            "secondary_disk": [],
            "service_account_id": "",
            "status": "running",
            "timeouts": null,
            "zone": "ru-central1-a"
          },
          "sensitive_attributes": [],
          "private": "eyJlMmJmYjczMC1lY2FhLTExZTYtOGY4OC0zNDM2M2JjN2M0YzAiOnsiY3JlYXRlIjozMDAwMDAwMDAwMDAsImRlbGV0ZSI6MzAwMDAwMDAwMDAwLCJ1cGRhdGUiOjMwMDAwMDAwMDAwMH0sInNjaGVtYV92ZXJzaW9uIjoiMSJ9",
          "dependencies": [
            "yandex_vpc_network.network-1",
            "yandex_vpc_subnet.subnet-1"
          ]
        }
      ]
    },
    {
      "mode": "managed",
      "type": "yandex_compute_instance",
      "name": "node03",
      "provider": "provider[\"registry.terraform.io/yandex-cloud/yandex\"]",
      "instances": [
        {
          "schema_version": 1,
          "attributes": {
            "allow_recreate": null,
            "allow_stopping_for_update": null,
            "boot_disk": [
              {
                "auto_delete": true,
                "device_name": "fhmfgnoua9g1v49tg5lm",
                "disk_id": "fhmfgnoua9g1v49tg5lm",
                "initialize_params": [
                  {
                    "block_size": 4096,
                    "description": "",
                    "image_id": "fd8aqitd4vl5950ihohp",
                    "name": "",
                    "size": 10,
                    "snapshot_id": "",
                    "type": "network-hdd"
                  }
                ],
                "mode": "READ_WRITE"
              }
            ],
            "created_at": "2022-08-24T07:31:37Z",
            "description": "",
            "folder_id": "b1gaa80uc55olksp2vtt",
            "fqdn": "lighthouse-01.ru-central1.internal",
            "hostname": "lighthouse-01",
            "id": "fhmbv9en536ga9ta8uln",
            "labels": null,
            "local_disk": [],
            "metadata": {
              "ssh-keys": "centos:ssh-rsa AAAAB3NzaC1yc2EAAAADAQABAAABgQCtmbo9LPEt3EyYAa3cY6tt2hQ2ZRdl9YUdpp+CpW67iVQn7BxRk0xzilSsWg7GzdMQijQx5jhmkeq2dOGuitRnkGEZzKz/zU/ACmlXS9p3P4VIrsDg36QMfy+qjc01V388SQWSNQLU4NVd0EBSLdx/nitqhADSt9iekrfqkhlqGFNvUnCC+bcSswgD1OKXcCWB8gHAzYKfDR4Ck255FRInalOfpkmKTDo/VOjxR919kdKZiy6jslFP1wVZ60M+aa7Ku/07U0lNH56zz7kQArprr4R4AohsLAv2xfPOR6wOMg0Do3T6YXEZia7diMxeDbC+G6rprAMtoglmXEVCpC3Nx2AdFVaTtpKKRoJQOd5AvgzqkT0kj38E0ho1r+c8Y3S3OpZROPzBrnkqkFLW+wfx0z69UyLoDKmmkLq9yUJqLewYaZLzXsIFANb5SEl6LttJ9Beo6Hv1pCNB8dz9ItrH9p63YfoOWhr7duPZbqTvAMB1yJXYzoKwt+96RY3vf4k= sergej@fedora\n"
            },
            "name": "node03",
            "network_acceleration_type": "standard",
            "network_interface": [
              {
                "dns_record": [],
                "index": 0,
                "ip_address": "10.1.0.10",
                "ipv4": true,
                "ipv6": false,
                "ipv6_address": "",
                "ipv6_dns_record": [],
                "mac_address": "d0:0d:bf:a5:d7:28",
                "nat": true,
                "nat_dns_record": [],
                "nat_ip_address": "84.201.157.58",
                "nat_ip_version": "IPV4",
                "security_group_ids": [],
                "subnet_id": "e9bol56igsjr0dflvgd2"
              }
            ],
            "placement_policy": [
              {
                "host_affinity_rules": [],
                "placement_group_id": ""
              }
            ],
            "platform_id": "standard-v1",
            "resources": [
              {
                "core_fraction": 100,
                "cores": 2,
                "gpus": 0,
                "memory": 2
              }
            ],
            "scheduling_policy": [
              {
                "preemptible": false
              }
            ],
            "secondary_disk": [],
            "service_account_id": "",
            "status": "running",
            "timeouts": null,
            "zone": "ru-central1-a"
          },
          "sensitive_attributes": [],
          "private": "eyJlMmJmYjczMC1lY2FhLTExZTYtOGY4OC0zNDM2M2JjN2M0YzAiOnsiY3JlYXRlIjozMDAwMDAwMDAwMDAsImRlbGV0ZSI6MzAwMDAwMDAwMDAwLCJ1cGRhdGUiOjMwMDAwMDAwMDAwMH0sInNjaGVtYV92ZXJzaW9uIjoiMSJ9",
          "dependencies": [
            "yandex_vpc_network.network-1",
            "yandex_vpc_subnet.subnet-1"
          ]
        }
      ]
    },
    {
      "mode": "managed",
      "type": "yandex_vpc_network",
      "name": "network-1",
      "provider": "provider[\"registry.terraform.io/yandex-cloud/yandex\"]",
      "instances": [
        {
          "schema_version": 0,
          "attributes": {
            "created_at": "2022-08-24T07:31:34Z",
            "default_security_group_id": "",
            "description": "",
            "folder_id": "b1gaa80uc55olksp2vtt",
            "id": "enpefba8iua8dta5d54k",
            "labels": {},
            "name": "net",
            "subnet_ids": [],
            "timeouts": null
          },
          "sensitive_attributes": [],
          "private": "eyJlMmJmYjczMC1lY2FhLTExZTYtOGY4OC0zNDM2M2JjN2M0YzAiOnsiY3JlYXRlIjo2MDAwMDAwMDAwMCwiZGVsZXRlIjo2MDAwMDAwMDAwMCwidXBkYXRlIjo2MDAwMDAwMDAwMH19"
        }
      ]
    },
    {
      "mode": "managed",
      "type": "yandex_vpc_subnet",
      "name": "subnet-1",
      "provider": "provider[\"registry.terraform.io/yandex-cloud/yandex\"]",
      "instances": [
        {
          "schema_version": 0,
          "attributes": {
            "created_at": "2022-08-24T07:31:35Z",
            "description": "",
            "dhcp_options": [],
            "folder_id": "b1gaa80uc55olksp2vtt",
            "id": "e9bol56igsjr0dflvgd2",
            "labels": {},
            "name": "subnet1",
            "network_id": "enpefba8iua8dta5d54k",
            "route_table_id": "",
            "timeouts": null,
            "v4_cidr_blocks": [
              "10.1.0.0/24"
            ],
            "v6_cidr_blocks": [],
            "zone": "ru-central1-a"
          },
          "sensitive_attributes": [],
          "private": "eyJlMmJmYjczMC1lY2FhLTExZTYtOGY4OC0zNDM2M2JjN2M0YzAiOnsiY3JlYXRlIjoxODAwMDAwMDAwMDAsImRlbGV0ZSI6MTgwMDAwMDAwMDAwLCJ1cGRhdGUiOjE4MDAwMDAwMDAwMH19",
          "dependencies": [
            "yandex_vpc_network.network-1"
          ]
        }
      ]
    }
  ]
}
