{
  "version": 4,
  "terraform_version": "1.2.7",
  "serial": 133,
  "lineage": "f22ae57f-ec60-55d8-66a7-266c4a91d1ec",
  "outputs": {
    "external_ip_address_node01": {
      "value": "84.201.134.162",
      "type": "string"
    },
    "external_ip_address_node02": {
      "value": "51.250.77.193",
      "type": "string"
    },
    "external_ip_address_node03": {
      "value": "84.201.131.127",
      "type": "string"
    },
    "internal_ip_address_node01": {
      "value": "10.1.0.7",
      "type": "string"
    },
    "internal_ip_address_node02": {
      "value": "10.1.0.30",
      "type": "string"
    },
    "internal_ip_address_node03": {
      "value": "10.1.0.10",
      "type": "string"
    }
  },
  "resources": [
    {
      "mode": "managed",
      "type": "local_file",
      "name": "all_vars",
      "provider": "provider[\"registry.terraform.io/hashicorp/local\"]",
      "instances": [
        {
          "schema_version": 0,
          "attributes": {
            "content": "# Ansible vars containing variable values from Terraform.\n# Generated by Terraform.\n\n  clickhouse_01_ext_ip: 84.201.134.162\n  vector_01_ext_ip: 51.250.77.193\n  lighthouse_01_ext_ip: 84.201.131.127\n",
            "content_base64": null,
            "directory_permission": "0777",
            "file_permission": "0777",
            "filename": "../ansible/group_vars/all.yml",
            "id": "979d2674a64ae3378919523c35b9fa2b413444ac",
            "sensitive_content": null,
            "source": null
          },
          "sensitive_attributes": [],
          "private": "bnVsbA==",
          "dependencies": [
            "yandex_compute_instance.node01",
            "yandex_compute_instance.node02",
            "yandex_compute_instance.node03",
            "yandex_vpc_network.network-1",
            "yandex_vpc_subnet.subnet-1"
          ]
        }
      ]
    },
    {
      "mode": "managed",
      "type": "local_file",
      "name": "inventory",
      "provider": "provider[\"registry.terraform.io/hashicorp/local\"]",
      "instances": [
        {
          "schema_version": 0,
          "attributes": {
            "content": "# Ansible inventory containing variable values from Terraform.\n# Generated by Terraform.\n\nclickhouse:\n  hosts:\n    clickhouse-01:\n      ansible_host: 84.201.134.162\nvector:\n  hosts:\n    vector-01:\n      ansible_host: 51.250.77.193\nlighthouse:\n  hosts:\n    lighthouse-01:\n      ansible_host: 84.201.131.127\n",
            "content_base64": null,
            "directory_permission": "0777",
            "file_permission": "0777",
            "filename": "../ansible/inventory/prod.yml",
            "id": "e5244e1291535872a0c85c60930e597f2031c9ce",
            "sensitive_content": null,
            "source": null
          },
          "sensitive_attributes": [],
          "private": "bnVsbA==",
          "dependencies": [
            "yandex_compute_instance.node01",
            "yandex_compute_instance.node02",
            "yandex_compute_instance.node03",
            "yandex_vpc_network.network-1",
            "yandex_vpc_subnet.subnet-1"
          ]
        }
      ]
    },
    {
      "mode": "managed",
      "type": "null_resource",
      "name": "cluster",
      "provider": "provider[\"registry.terraform.io/hashicorp/null\"]",
      "instances": [
        {
          "schema_version": 0,
          "attributes": {
            "id": "6473484437365524475",
            "triggers": null
          },
          "sensitive_attributes": [],
          "private": "bnVsbA==",
          "dependencies": [
            "local_file.inventory",
            "null_resource.wait",
            "yandex_compute_instance.node01",
            "yandex_compute_instance.node02",
            "yandex_compute_instance.node03",
            "yandex_vpc_network.network-1",
            "yandex_vpc_subnet.subnet-1"
          ]
        }
      ]
    },
    {
      "mode": "managed",
      "type": "null_resource",
      "name": "wait",
      "provider": "provider[\"registry.terraform.io/hashicorp/null\"]",
      "instances": [
        {
          "schema_version": 0,
          "attributes": {
            "id": "2955393340351059390",
            "triggers": null
          },
          "sensitive_attributes": [],
          "private": "bnVsbA==",
          "dependencies": [
            "local_file.inventory",
            "yandex_compute_instance.node01",
            "yandex_compute_instance.node02",
            "yandex_compute_instance.node03",
            "yandex_vpc_network.network-1",
            "yandex_vpc_subnet.subnet-1"
          ]
        }
      ]
    },
    {
      "mode": "managed",
      "type": "yandex_compute_instance",
      "name": "node01",
      "provider": "provider[\"registry.terraform.io/yandex-cloud/yandex\"]",
      "instances": [
        {
          "schema_version": 1,
          "attributes": {
            "allow_recreate": null,
            "allow_stopping_for_update": null,
            "boot_disk": [
              {
                "auto_delete": true,
                "device_name": "fhmlb7h0r6r6af80vc7v",
                "disk_id": "fhmlb7h0r6r6af80vc7v",
                "initialize_params": [
                  {
                    "block_size": 4096,
                    "description": "",
                    "image_id": "fd8aqitd4vl5950ihohp",
                    "name": "",
                    "size": 10,
                    "snapshot_id": "",
                    "type": "network-hdd"
                  }
                ],
                "mode": "READ_WRITE"
              }
            ],
            "created_at": "2022-08-24T15:02:01Z",
            "description": "",
            "folder_id": "b1gaa80uc55olksp2vtt",
            "fqdn": "clickhouse-01.ru-central1.internal",
            "hostname": "clickhouse-01",
            "id": "fhmlss37fcgm1vjga7lu",
            "labels": null,
            "local_disk": [],
            "metadata": {
              "ssh-keys": "centos:ssh-rsa AAAAB3NzaC1yc2EAAAADAQABAAABgQDczVXUSDGxF0csVtFKZrBwFQ9E0a1+AxerO47P3W1B8i0oAkol93nR1x3r0O7+e94GNdcp1GFvnHLV/bk1C6oxXs6kFmErbnfsAH5wVbmbScKNW5Ai1z3b6juHYTQmsvOPJgrOidiGaoK97sYf5UXZdMkKzmBlcCg5UxPD/IXRWDndbEGo+RxGH1j4L/+uKw/Rzb+KCCQLDZk94C6eNGoJoQ7sTUuekcB07RDOj6GKV8rogkZMJsefcybq3w33lZ/4RTWLNWQPbtMGxShG0CwF4uK52nSggTPZWQB7GSjO646zr8yNlOQRKA0aKemUfCQk2cdXv7n0kLQhSCpv/DBTKwFQHt4V33c33D0+phMzK/1Z7INKpclVhgHkra4ylrAZl6gdZH+IX2X9CP4gxFJl+RL76vnKp9J7j2nhBUHNZCLh26ikWVdz0MTg1bO/sxEeD1fU5zDcQJDgo22CkOupg8VY3sKRv3Ymibw05Br5xczSCoAUXKvsccfKwW4rTNs= user@home\n"
            },
            "name": "node01",
            "network_acceleration_type": "standard",
            "network_interface": [
              {
                "dns_record": [],
                "index": 0,
                "ip_address": "10.1.0.7",
                "ipv4": true,
                "ipv6": false,
                "ipv6_address": "",
                "ipv6_dns_record": [],
                "mac_address": "d0:0d:15:e7:06:77",
                "nat": true,
                "nat_dns_record": [],
                "nat_ip_address": "84.201.134.162",
                "nat_ip_version": "IPV4",
                "security_group_ids": [],
                "subnet_id": "e9bp3qf7q7kjbjk3l808"
              }
            ],
            "placement_policy": [
              {
                "host_affinity_rules": [],
                "placement_group_id": ""
              }
            ],
            "platform_id": "standard-v1",
            "resources": [
              {
                "core_fraction": 100,
                "cores": 2,
                "gpus": 0,
                "memory": 2
              }
            ],
            "scheduling_policy": [
              {
                "preemptible": false
              }
            ],
            "secondary_disk": [],
            "service_account_id": "",
            "status": "running",
            "timeouts": null,
            "zone": "ru-central1-a"
          },
          "sensitive_attributes": [],
          "private": "eyJlMmJmYjczMC1lY2FhLTExZTYtOGY4OC0zNDM2M2JjN2M0YzAiOnsiY3JlYXRlIjozMDAwMDAwMDAwMDAsImRlbGV0ZSI6MzAwMDAwMDAwMDAwLCJ1cGRhdGUiOjMwMDAwMDAwMDAwMH0sInNjaGVtYV92ZXJzaW9uIjoiMSJ9",
          "dependencies": [
            "yandex_vpc_network.network-1",
            "yandex_vpc_subnet.subnet-1"
          ]
        }
      ]
    },
    {
      "mode": "managed",
      "type": "yandex_compute_instance",
      "name": "node02",
      "provider": "provider[\"registry.terraform.io/yandex-cloud/yandex\"]",
      "instances": [
        {
          "schema_version": 1,
          "attributes": {
            "allow_recreate": null,
            "allow_stopping_for_update": null,
            "boot_disk": [
              {
                "auto_delete": true,
                "device_name": "fhm990iifdgg4ipos622",
                "disk_id": "fhm990iifdgg4ipos622",
                "initialize_params": [
                  {
                    "block_size": 4096,
                    "description": "",
                    "image_id": "fd8aqitd4vl5950ihohp",
                    "name": "",
                    "size": 10,
                    "snapshot_id": "",
                    "type": "network-hdd"
                  }
                ],
                "mode": "READ_WRITE"
              }
            ],
            "created_at": "2022-08-24T15:02:01Z",
            "description": "",
            "folder_id": "b1gaa80uc55olksp2vtt",
            "fqdn": "vector-01.ru-central1.internal",
            "hostname": "vector-01",
            "id": "fhmhtcr97jbqp61m3qlh",
            "labels": null,
            "local_disk": [],
            "metadata": {
              "ssh-keys": "centos:ssh-rsa AAAAB3NzaC1yc2EAAAADAQABAAABgQDczVXUSDGxF0csVtFKZrBwFQ9E0a1+AxerO47P3W1B8i0oAkol93nR1x3r0O7+e94GNdcp1GFvnHLV/bk1C6oxXs6kFmErbnfsAH5wVbmbScKNW5Ai1z3b6juHYTQmsvOPJgrOidiGaoK97sYf5UXZdMkKzmBlcCg5UxPD/IXRWDndbEGo+RxGH1j4L/+uKw/Rzb+KCCQLDZk94C6eNGoJoQ7sTUuekcB07RDOj6GKV8rogkZMJsefcybq3w33lZ/4RTWLNWQPbtMGxShG0CwF4uK52nSggTPZWQB7GSjO646zr8yNlOQRKA0aKemUfCQk2cdXv7n0kLQhSCpv/DBTKwFQHt4V33c33D0+phMzK/1Z7INKpclVhgHkra4ylrAZl6gdZH+IX2X9CP4gxFJl+RL76vnKp9J7j2nhBUHNZCLh26ikWVdz0MTg1bO/sxEeD1fU5zDcQJDgo22CkOupg8VY3sKRv3Ymibw05Br5xczSCoAUXKvsccfKwW4rTNs= user@home\n"
            },
            "name": "node02",
            "network_acceleration_type": "standard",
            "network_interface": [
              {
                "dns_record": [],
                "index": 0,
                "ip_address": "10.1.0.30",
                "ipv4": true,
                "ipv6": false,
                "ipv6_address": "",
                "ipv6_dns_record": [],
                "mac_address": "d0:0d:11:eb:36:93",
                "nat": true,
                "nat_dns_record": [],
                "nat_ip_address": "51.250.77.193",
                "nat_ip_version": "IPV4",
                "security_group_ids": [],
                "subnet_id": "e9bp3qf7q7kjbjk3l808"
              }
            ],
            "placement_policy": [
              {
                "host_affinity_rules": [],
                "placement_group_id": ""
              }
            ],
            "platform_id": "standard-v1",
            "resources": [
              {
                "core_fraction": 100,
                "cores": 2,
                "gpus": 0,
                "memory": 2
              }
            ],
            "scheduling_policy": [
              {
                "preemptible": false
              }
            ],
            "secondary_disk": [],
            "service_account_id": "",
            "status": "running",
            "timeouts": null,
            "zone": "ru-central1-a"
          },
          "sensitive_attributes": [],
          "private": "eyJlMmJmYjczMC1lY2FhLTExZTYtOGY4OC0zNDM2M2JjN2M0YzAiOnsiY3JlYXRlIjozMDAwMDAwMDAwMDAsImRlbGV0ZSI6MzAwMDAwMDAwMDAwLCJ1cGRhdGUiOjMwMDAwMDAwMDAwMH0sInNjaGVtYV92ZXJzaW9uIjoiMSJ9",
          "dependencies": [
            "yandex_vpc_network.network-1",
            "yandex_vpc_subnet.subnet-1"
          ]
        }
      ]
    },
    {
      "mode": "managed",
      "type": "yandex_compute_instance",
      "name": "node03",
      "provider": "provider[\"registry.terraform.io/yandex-cloud/yandex\"]",
      "instances": [
        {
          "schema_version": 1,
          "attributes": {
            "allow_recreate": null,
            "allow_stopping_for_update": null,
            "boot_disk": [
              {
                "auto_delete": true,
                "device_name": "fhmb17glr8u72dvtue4e",
                "disk_id": "fhmb17glr8u72dvtue4e",
                "initialize_params": [
                  {
                    "block_size": 4096,
                    "description": "",
                    "image_id": "fd8aqitd4vl5950ihohp",
                    "name": "",
                    "size": 10,
                    "snapshot_id": "",
                    "type": "network-hdd"
                  }
                ],
                "mode": "READ_WRITE"
              }
            ],
            "created_at": "2022-08-24T15:02:01Z",
            "description": "",
            "folder_id": "b1gaa80uc55olksp2vtt",
            "fqdn": "lighthouse-01.ru-central1.internal",
            "hostname": "lighthouse-01",
            "id": "fhmms3q0qsstp9pm6kef",
            "labels": null,
            "local_disk": [],
            "metadata": {
              "ssh-keys": "centos:ssh-rsa AAAAB3NzaC1yc2EAAAADAQABAAABgQDczVXUSDGxF0csVtFKZrBwFQ9E0a1+AxerO47P3W1B8i0oAkol93nR1x3r0O7+e94GNdcp1GFvnHLV/bk1C6oxXs6kFmErbnfsAH5wVbmbScKNW5Ai1z3b6juHYTQmsvOPJgrOidiGaoK97sYf5UXZdMkKzmBlcCg5UxPD/IXRWDndbEGo+RxGH1j4L/+uKw/Rzb+KCCQLDZk94C6eNGoJoQ7sTUuekcB07RDOj6GKV8rogkZMJsefcybq3w33lZ/4RTWLNWQPbtMGxShG0CwF4uK52nSggTPZWQB7GSjO646zr8yNlOQRKA0aKemUfCQk2cdXv7n0kLQhSCpv/DBTKwFQHt4V33c33D0+phMzK/1Z7INKpclVhgHkra4ylrAZl6gdZH+IX2X9CP4gxFJl+RL76vnKp9J7j2nhBUHNZCLh26ikWVdz0MTg1bO/sxEeD1fU5zDcQJDgo22CkOupg8VY3sKRv3Ymibw05Br5xczSCoAUXKvsccfKwW4rTNs= user@home\n"
            },
            "name": "node03",
            "network_acceleration_type": "standard",
            "network_interface": [
              {
                "dns_record": [],
                "index": 0,
                "ip_address": "10.1.0.10",
                "ipv4": true,
                "ipv6": false,
                "ipv6_address": "",
                "ipv6_dns_record": [],
                "mac_address": "d0:0d:16:e0:f4:0d",
                "nat": true,
                "nat_dns_record": [],
                "nat_ip_address": "84.201.131.127",
                "nat_ip_version": "IPV4",
                "security_group_ids": [],
                "subnet_id": "e9bp3qf7q7kjbjk3l808"
              }
            ],
            "placement_policy": [
              {
                "host_affinity_rules": [],
                "placement_group_id": ""
              }
            ],
            "platform_id": "standard-v1",
            "resources": [
              {
                "core_fraction": 100,
                "cores": 2,
                "gpus": 0,
                "memory": 2
              }
            ],
            "scheduling_policy": [
              {
                "preemptible": false
              }
            ],
            "secondary_disk": [],
            "service_account_id": "",
            "status": "running",
            "timeouts": null,
            "zone": "ru-central1-a"
          },
          "sensitive_attributes": [],
          "private": "eyJlMmJmYjczMC1lY2FhLTExZTYtOGY4OC0zNDM2M2JjN2M0YzAiOnsiY3JlYXRlIjozMDAwMDAwMDAwMDAsImRlbGV0ZSI6MzAwMDAwMDAwMDAwLCJ1cGRhdGUiOjMwMDAwMDAwMDAwMH0sInNjaGVtYV92ZXJzaW9uIjoiMSJ9",
          "dependencies": [
            "yandex_vpc_network.network-1",
            "yandex_vpc_subnet.subnet-1"
          ]
        }
      ]
    },
    {
      "mode": "managed",
      "type": "yandex_vpc_network",
      "name": "network-1",
      "provider": "provider[\"registry.terraform.io/yandex-cloud/yandex\"]",
      "instances": [
        {
          "schema_version": 0,
          "attributes": {
            "created_at": "2022-08-24T15:01:59Z",
            "default_security_group_id": "",
            "description": "",
            "folder_id": "b1gaa80uc55olksp2vtt",
            "id": "enpv57ffj7jiecl1sk4d",
            "labels": {},
            "name": "net",
            "subnet_ids": [],
            "timeouts": null
          },
          "sensitive_attributes": [],
          "private": "eyJlMmJmYjczMC1lY2FhLTExZTYtOGY4OC0zNDM2M2JjN2M0YzAiOnsiY3JlYXRlIjo2MDAwMDAwMDAwMCwiZGVsZXRlIjo2MDAwMDAwMDAwMCwidXBkYXRlIjo2MDAwMDAwMDAwMH19"
        }
      ]
    },
    {
      "mode": "managed",
      "type": "yandex_vpc_subnet",
      "name": "subnet-1",
      "provider": "provider[\"registry.terraform.io/yandex-cloud/yandex\"]",
      "instances": [
        {
          "schema_version": 0,
          "attributes": {
            "created_at": "2022-08-24T15:02:00Z",
            "description": "",
            "dhcp_options": [],
            "folder_id": "b1gaa80uc55olksp2vtt",
            "id": "e9bp3qf7q7kjbjk3l808",
            "labels": {},
            "name": "subnet1",
            "network_id": "enpv57ffj7jiecl1sk4d",
            "route_table_id": "",
            "timeouts": null,
            "v4_cidr_blocks": [
              "10.1.0.0/24"
            ],
            "v6_cidr_blocks": [],
            "zone": "ru-central1-a"
          },
          "sensitive_attributes": [],
          "private": "eyJlMmJmYjczMC1lY2FhLTExZTYtOGY4OC0zNDM2M2JjN2M0YzAiOnsiY3JlYXRlIjoxODAwMDAwMDAwMDAsImRlbGV0ZSI6MTgwMDAwMDAwMDAwLCJ1cGRhdGUiOjE4MDAwMDAwMDAwMH19",
          "dependencies": [
            "yandex_vpc_network.network-1"
          ]
        }
      ]
    }
  ]
}
